
Microsoft Visual Studio Solution File, Format Version 12.00
# Visual Studio Version 17
VisualStudioVersion = 17.11.35017.193
MinimumVisualStudioVersion = 10.0.40219.1
Project("{FAE04EC0-301F-11D3-BF4B-00C04F79EFBC}") = "EasySoapClient", "EasySoapClient\EasySoapClient.csproj", "{36D58E2E-AB9A-46A2-BF61-8973328CF06A}"
EndProject
Global
	GlobalSection(SolutionConfigurationPlatforms) = preSolution
		Debug|Any CPU = Debug|Any CPU
		Release|Any CPU = Release|Any CPU
	EndGlobalSection
	GlobalSection(ProjectConfigurationPlatforms) = postSolution
		{36D58E2E-AB9A-46A2-BF61-8973328CF06A}.Debug|Any CPU.ActiveCfg = Release|Any CPU
		{36D58E2E-AB9A-46A2-BF61-8973328CF06A}.Debug|Any CPU.Build.0 = Release|Any CPU
		{36D58E2E-AB9A-46A2-BF61-8973328CF06A}.Release|Any CPU.ActiveCfg = Release|Any CPU
		{36D58E2E-AB9A-46A2-BF61-8973328CF06A}.Release|Any CPU.Build.0 = Release|Any CPU
	EndGlobalSection
	GlobalSection(SolutionProperties) = preSolution
		HideSolutionNode = FALSE
	EndGlobalSection
	GlobalSection(ExtensibilityGlobals) = postSolution
		SolutionGuid = {F50A5236-8C95-498B-9814-F05AD4BD424E}
	EndGlobalSection
EndGlobal
